// !$*UTF8*$!
{
	archiveVersion = 1;
	classes = {
	};
	objectVersion = 46;
	objects = {

/* Begin PBXBuildFile section */
		D0184E9718340BAF0064A76F /* Foundation.framework in Frameworks */ = {isa = PBXBuildFile; fileRef = D0184E9618340BAF0064A76F /* Foundation.framework */; };
		D0184E9918340BAF0064A76F /* CoreGraphics.framework in Frameworks */ = {isa = PBXBuildFile; fileRef = D0184E9818340BAF0064A76F /* CoreGraphics.framework */; };
		D0184E9B18340BAF0064A76F /* UIKit.framework in Frameworks */ = {isa = PBXBuildFile; fileRef = D0184E9A18340BAF0064A76F /* UIKit.framework */; };
		D0184EA118340BAF0064A76F /* InfoPlist.strings in Resources */ = {isa = PBXBuildFile; fileRef = D0184E9F18340BAF0064A76F /* InfoPlist.strings */; };
		D0184EA318340BAF0064A76F /* main.m in Sources */ = {isa = PBXBuildFile; fileRef = D0184EA218340BAF0064A76F /* main.m */; };
		D0184EA718340BAF0064A76F /* AppDelegate.m in Sources */ = {isa = PBXBuildFile; fileRef = D0184EA618340BAF0064A76F /* AppDelegate.m */; };
		D0184EAA18340BAF0064A76F /* Main.storyboard in Resources */ = {isa = PBXBuildFile; fileRef = D0184EA818340BAF0064A76F /* Main.storyboard */; };
		D0184EAD18340BAF0064A76F /* ViewController.m in Sources */ = {isa = PBXBuildFile; fileRef = D0184EAC18340BAF0064A76F /* ViewController.m */; };
		D0184EAF18340BAF0064A76F /* Images.xcassets in Resources */ = {isa = PBXBuildFile; fileRef = D0184EAE18340BAF0064A76F /* Images.xcassets */; };
		D0184EB618340BAF0064A76F /* XCTest.framework in Frameworks */ = {isa = PBXBuildFile; fileRef = D0184EB518340BAF0064A76F /* XCTest.framework */; };
		D0184EB718340BAF0064A76F /* Foundation.framework in Frameworks */ = {isa = PBXBuildFile; fileRef = D0184E9618340BAF0064A76F /* Foundation.framework */; };
		D0184EB818340BAF0064A76F /* UIKit.framework in Frameworks */ = {isa = PBXBuildFile; fileRef = D0184E9A18340BAF0064A76F /* UIKit.framework */; };
		D0184EC018340BAF0064A76F /* InfoPlist.strings in Resources */ = {isa = PBXBuildFile; fileRef = D0184EBE18340BAF0064A76F /* InfoPlist.strings */; };
		D0184EC218340BAF0064A76F /* iOS2Lab5Tests.m in Sources */ = {isa = PBXBuildFile; fileRef = D0184EC118340BAF0064A76F /* iOS2Lab5Tests.m */; };
		D0184ECC183410B70064A76F /* image.jpg in Resources */ = {isa = PBXBuildFile; fileRef = D0184ECB183410B70064A76F /* image.jpg */; };
		D0184ECF1834126A0064A76F /* WeatherManager.m in Sources */ = {isa = PBXBuildFile; fileRef = D0184ECE1834126A0064A76F /* WeatherManager.m */; };
/* End PBXBuildFile section */

/* Begin PBXContainerItemProxy section */
		D0184EB918340BAF0064A76F /* PBXContainerItemProxy */ = {
			isa = PBXContainerItemProxy;
			containerPortal = D0184E8B18340BAF0064A76F /* Project object */;
			proxyType = 1;
			remoteGlobalIDString = D0184E9218340BAF0064A76F;
			remoteInfo = iOS2Lab5;
		};
/* End PBXContainerItemProxy section */

/* Begin PBXFileReference section */
		D0184E9318340BAF0064A76F /* iOS2Lab5.app */ = {isa = PBXFileReference; explicitFileType = wrapper.application; includeInIndex = 0; path = iOS2Lab5.app; sourceTree = BUILT_PRODUCTS_DIR; };
		D0184E9618340BAF0064A76F /* Foundation.framework */ = {isa = PBXFileReference; lastKnownFileType = wrapper.framework; name = Foundation.framework; path = System/Library/Frameworks/Foundation.framework; sourceTree = SDKROOT; };
		D0184E9818340BAF0064A76F /* CoreGraphics.framework */ = {isa = PBXFileReference; lastKnownFileType = wrapper.framework; name = CoreGraphics.framework; path = System/Library/Frameworks/CoreGraphics.framework; sourceTree = SDKROOT; };
		D0184E9A18340BAF0064A76F /* UIKit.framework */ = {isa = PBXFileReference; lastKnownFileType = wrapper.framework; name = UIKit.framework; path = System/Library/Frameworks/UIKit.framework; sourceTree = SDKROOT; };
		D0184E9E18340BAF0064A76F /* iOS2Lab5-Info.plist */ = {isa = PBXFileReference; lastKnownFileType = text.plist.xml; path = "iOS2Lab5-Info.plist"; sourceTree = "<group>"; };
		D0184EA018340BAF0064A76F /* en */ = {isa = PBXFileReference; lastKnownFileType = text.plist.strings; name = en; path = en.lproj/InfoPlist.strings; sourceTree = "<group>"; };
		D0184EA218340BAF0064A76F /* main.m */ = {isa = PBXFileReference; lastKnownFileType = sourcecode.c.objc; path = main.m; sourceTree = "<group>"; };
		D0184EA418340BAF0064A76F /* iOS2Lab5-Prefix.pch */ = {isa = PBXFileReference; lastKnownFileType = sourcecode.c.h; path = "iOS2Lab5-Prefix.pch"; sourceTree = "<group>"; };
		D0184EA518340BAF0064A76F /* AppDelegate.h */ = {isa = PBXFileReference; lastKnownFileType = sourcecode.c.h; path = AppDelegate.h; sourceTree = "<group>"; };
		D0184EA618340BAF0064A76F /* AppDelegate.m */ = {isa = PBXFileReference; lastKnownFileType = sourcecode.c.objc; path = AppDelegate.m; sourceTree = "<group>"; };
		D0184EA918340BAF0064A76F /* Base */ = {isa = PBXFileReference; lastKnownFileType = file.storyboard; name = Base; path = Base.lproj/Main.storyboard; sourceTree = "<group>"; };
		D0184EAB18340BAF0064A76F /* ViewController.h */ = {isa = PBXFileReference; lastKnownFileType = sourcecode.c.h; path = ViewController.h; sourceTree = "<group>"; };
		D0184EAC18340BAF0064A76F /* ViewController.m */ = {isa = PBXFileReference; lastKnownFileType = sourcecode.c.objc; path = ViewController.m; sourceTree = "<group>"; };
		D0184EAE18340BAF0064A76F /* Images.xcassets */ = {isa = PBXFileReference; lastKnownFileType = folder.assetcatalog; path = Images.xcassets; sourceTree = "<group>"; };
		D0184EB418340BAF0064A76F /* iOS2Lab5Tests.xctest */ = {isa = PBXFileReference; explicitFileType = wrapper.cfbundle; includeInIndex = 0; path = iOS2Lab5Tests.xctest; sourceTree = BUILT_PRODUCTS_DIR; };
		D0184EB518340BAF0064A76F /* XCTest.framework */ = {isa = PBXFileReference; lastKnownFileType = wrapper.framework; name = XCTest.framework; path = Library/Frameworks/XCTest.framework; sourceTree = DEVELOPER_DIR; };
		D0184EBD18340BAF0064A76F /* iOS2Lab5Tests-Info.plist */ = {isa = PBXFileReference; lastKnownFileType = text.plist.xml; path = "iOS2Lab5Tests-Info.plist"; sourceTree = "<group>"; };
		D0184EBF18340BAF0064A76F /* en */ = {isa = PBXFileReference; lastKnownFileType = text.plist.strings; name = en; path = en.lproj/InfoPlist.strings; sourceTree = "<group>"; };
		D0184EC118340BAF0064A76F /* iOS2Lab5Tests.m */ = {isa = PBXFileReference; lastKnownFileType = sourcecode.c.objc; path = iOS2Lab5Tests.m; sourceTree = "<group>"; };
		D0184ECB183410B70064A76F /* image.jpg */ = {isa = PBXFileReference; lastKnownFileType = image.jpeg; path = image.jpg; sourceTree = "<group>"; };
		D0184ECD1834126A0064A76F /* WeatherManager.h */ = {isa = PBXFileReference; fileEncoding = 4; lastKnownFileType = sourcecode.c.h; path = WeatherManager.h; sourceTree = "<group>"; };
		D0184ECE1834126A0064A76F /* WeatherManager.m */ = {isa = PBXFileReference; fileEncoding = 4; lastKnownFileType = sourcecode.c.objc; path = WeatherManager.m; sourceTree = "<group>"; };
/* End PBXFileReference section */

/* Begin PBXFrameworksBuildPhase section */
		D0184E9018340BAF0064A76F /* Frameworks */ = {
			isa = PBXFrameworksBuildPhase;
			buildActionMask = 2147483647;
			files = (
				D0184E9918340BAF0064A76F /* CoreGraphics.framework in Frameworks */,
				D0184E9B18340BAF0064A76F /* UIKit.framework in Frameworks */,
				D0184E9718340BAF0064A76F /* Foundation.framework in Frameworks */,
			);
			runOnlyForDeploymentPostprocessing = 0;
		};
		D0184EB118340BAF0064A76F /* Frameworks */ = {
			isa = PBXFrameworksBuildPhase;
			buildActionMask = 2147483647;
			files = (
				D0184EB618340BAF0064A76F /* XCTest.framework in Frameworks */,
				D0184EB818340BAF0064A76F /* UIKit.framework in Frameworks */,
				D0184EB718340BAF0064A76F /* Foundation.framework in Frameworks */,
			);
			runOnlyForDeploymentPostprocessing = 0;
		};
/* End PBXFrameworksBuildPhase section */

/* Begin PBXGroup section */
		D0184E8A18340BAF0064A76F = {
			isa = PBXGroup;
			children = (
				D0184E9C18340BAF0064A76F /* iOS2Lab5 */,
				D0184EBB18340BAF0064A76F /* iOS2Lab5Tests */,
				D0184E9518340BAF0064A76F /* Frameworks */,
				D0184E9418340BAF0064A76F /* Products */,
			);
			sourceTree = "<group>";
		};
		D0184E9418340BAF0064A76F /* Products */ = {
			isa = PBXGroup;
			children = (
				D0184E9318340BAF0064A76F /* iOS2Lab5.app */,
				D0184EB418340BAF0064A76F /* iOS2Lab5Tests.xctest */,
			);
			name = Products;
			sourceTree = "<group>";
		};
		D0184E9518340BAF0064A76F /* Frameworks */ = {
			isa = PBXGroup;
			children = (
				D0184E9618340BAF0064A76F /* Foundation.framework */,
				D0184E9818340BAF0064A76F /* CoreGraphics.framework */,
				D0184E9A18340BAF0064A76F /* UIKit.framework */,
				D0184EB518340BAF0064A76F /* XCTest.framework */,
			);
			name = Frameworks;
			sourceTree = "<group>";
		};
		D0184E9C18340BAF0064A76F /* iOS2Lab5 */ = {
			isa = PBXGroup;
			children = (
				D0184ECB183410B70064A76F /* image.jpg */,
				D0184EA518340BAF0064A76F /* AppDelegate.h */,
				D0184EA618340BAF0064A76F /* AppDelegate.m */,
				D0184EA818340BAF0064A76F /* Main.storyboard */,
				D0184EAB18340BAF0064A76F /* ViewController.h */,
				D0184EAC18340BAF0064A76F /* ViewController.m */,
				D0184EAE18340BAF0064A76F /* Images.xcassets */,
				D0184E9D18340BAF0064A76F /* Supporting Files */,
				D0184ECD1834126A0064A76F /* WeatherManager.h */,
				D0184ECE1834126A0064A76F /* WeatherManager.m */,
			);
			path = iOS2Lab5;
			sourceTree = "<group>";
		};
		D0184E9D18340BAF0064A76F /* Supporting Files */ = {
			isa = PBXGroup;
			children = (
				D0184E9E18340BAF0064A76F /* iOS2Lab5-Info.plist */,
				D0184E9F18340BAF0064A76F /* InfoPlist.strings */,
				D0184EA218340BAF0064A76F /* main.m */,
				D0184EA418340BAF0064A76F /* iOS2Lab5-Prefix.pch */,
			);
			name = "Supporting Files";
			sourceTree = "<group>";
		};
		D0184EBB18340BAF0064A76F /* iOS2Lab5Tests */ = {
			isa = PBXGroup;
			children = (
				D0184EC118340BAF0064A76F /* iOS2Lab5Tests.m */,
				D0184EBC18340BAF0064A76F /* Supporting Files */,
			);
			path = iOS2Lab5Tests;
			sourceTree = "<group>";
		};
		D0184EBC18340BAF0064A76F /* Supporting Files */ = {
			isa = PBXGroup;
			children = (
				D0184EBD18340BAF0064A76F /* iOS2Lab5Tests-Info.plist */,
				D0184EBE18340BAF0064A76F /* InfoPlist.strings */,
			);
			name = "Supporting Files";
			sourceTree = "<group>";
		};
/* End PBXGroup section */

/* Begin PBXNativeTarget section */
		D0184E9218340BAF0064A76F /* iOS2Lab5 */ = {
			isa = PBXNativeTarget;
			buildConfigurationList = D0184EC518340BAF0064A76F /* Build configuration list for PBXNativeTarget "iOS2Lab5" */;
			buildPhases = (
				D0184E8F18340BAF0064A76F /* Sources */,
				D0184E9018340BAF0064A76F /* Frameworks */,
				D0184E9118340BAF0064A76F /* Resources */,
			);
			buildRules = (
			);
			dependencies = (
			);
			name = iOS2Lab5;
			productName = iOS2Lab5;
			productReference = D0184E9318340BAF0064A76F /* iOS2Lab5.app */;
			productType = "com.apple.product-type.application";
		};
		D0184EB318340BAF0064A76F /* iOS2Lab5Tests */ = {
			isa = PBXNativeTarget;
			buildConfigurationList = D0184EC818340BAF0064A76F /* Build configuration list for PBXNativeTarget "iOS2Lab5Tests" */;
			buildPhases = (
				D0184EB018340BAF0064A76F /* Sources */,
				D0184EB118340BAF0064A76F /* Frameworks */,
				D0184EB218340BAF0064A76F /* Resources */,
			);
			buildRules = (
			);
			dependencies = (
				D0184EBA18340BAF0064A76F /* PBXTargetDependency */,
			);
			name = iOS2Lab5Tests;
			productName = iOS2Lab5Tests;
			productReference = D0184EB418340BAF0064A76F /* iOS2Lab5Tests.xctest */;
			productType = "com.apple.product-type.bundle.unit-test";
		};
/* End PBXNativeTarget section */

/* Begin PBXProject section */
		D0184E8B18340BAF0064A76F /* Project object */ = {
			isa = PBXProject;
			attributes = {
				LastUpgradeCheck = 0500;
				ORGANIZATIONNAME = "James Derry";
				TargetAttributes = {
					D0184EB318340BAF0064A76F = {
						TestTargetID = D0184E9218340BAF0064A76F;
					};
				};
			};
			buildConfigurationList = D0184E8E18340BAF0064A76F /* Build configuration list for PBXProject "iOS2Lab5" */;
			compatibilityVersion = "Xcode 3.2";
			developmentRegion = English;
			hasScannedForEncodings = 0;
			knownRegions = (
				en,
				Base,
			);
			mainGroup = D0184E8A18340BAF0064A76F;
			productRefGroup = D0184E9418340BAF0064A76F /* Products */;
			projectDirPath = "";
			projectRoot = "";
			targets = (
				D0184E9218340BAF0064A76F /* iOS2Lab5 */,
				D0184EB318340BAF0064A76F /* iOS2Lab5Tests */,
			);
		};
/* End PBXProject section */

/* Begin PBXResourcesBuildPhase section */
		D0184E9118340BAF0064A76F /* Resources */ = {
			isa = PBXResourcesBuildPhase;
			buildActionMask = 2147483647;
			files = (
				D0184EAF18340BAF0064A76F /* Images.xcassets in Resources */,
				D0184EA118340BAF0064A76F /* InfoPlist.strings in Resources */,
				D0184EAA18340BAF0064A76F /* Main.storyboard in Resources */,
				D0184ECC183410B70064A76F /* image.jpg in Resources */,
			);
			runOnlyForDeploymentPostprocessing = 0;
		};
		D0184EB218340BAF0064A76F /* Resources */ = {
			isa = PBXResourcesBuildPhase;
			buildActionMask = 2147483647;
			files = (
				D0184EC018340BAF0064A76F /* InfoPlist.strings in Resources */,
			);
			runOnlyForDeploymentPostprocessing = 0;
		};
/* End PBXResourcesBuildPhase section */

/* Begin PBXSourcesBuildPhase section */
		D0184E8F18340BAF0064A76F /* Sources */ = {
			isa = PBXSourcesBuildPhase;
			buildActionMask = 2147483647;
			files = (
				D0184EAD18340BAF0064A76F /* ViewController.m in Sources */,
				D0184EA718340BAF0064A76F /* AppDelegate.m in Sources */,
				D0184ECF1834126A0064A76F /* WeatherManager.m in Sources */,
				D0184EA318340BAF0064A76F /* main.m in Sources */,
			);
			runOnlyForDeploymentPostprocessing = 0;
		};
		D0184EB018340BAF0064A76F /* Sources */ = {
			isa = PBXSourcesBuildPhase;
			buildActionMask = 2147483647;
			files = (
				D0184EC218340BAF0064A76F /* iOS2Lab5Tests.m in Sources */,
			);
			runOnlyForDeploymentPostprocessing = 0;
		};
/* End PBXSourcesBuildPhase section */

/* Begin PBXTargetDependency section */
		D0184EBA18340BAF0064A76F /* PBXTargetDependency */ = {
			isa = PBXTargetDependency;
			target = D0184E9218340BAF0064A76F /* iOS2Lab5 */;
			targetProxy = D0184EB918340BAF0064A76F /* PBXContainerItemProxy */;
		};
/* End PBXTargetDependency section */

/* Begin PBXVariantGroup section */
		D0184E9F18340BAF0064A76F /* InfoPlist.strings */ = {
			isa = PBXVariantGroup;
			children = (
				D0184EA018340BAF0064A76F /* en */,
			);
			name = InfoPlist.strings;
			sourceTree = "<group>";
		};
		D0184EA818340BAF0064A76F /* Main.storyboard */ = {
			isa = PBXVariantGroup;
			children = (
				D0184EA918340BAF0064A76F /* Base */,
			);
			name = Main.storyboard;
			sourceTree = "<group>";
		};
		D0184EBE18340BAF0064A76F /* InfoPlist.strings */ = {
			isa = PBXVariantGroup;
			children = (
				D0184EBF18340BAF0064A76F /* en */,
			);
			name = InfoPlist.strings;
			sourceTree = "<group>";
		};
/* End PBXVariantGroup section */

/* Begin XCBuildConfiguration section */
		D0184EC318340BAF0064A76F /* Debug */ = {
			isa = XCBuildConfiguration;
			buildSettings = {
				ALWAYS_SEARCH_USER_PATHS = NO;
				ARCHS = "$(ARCHS_STANDARD_INCLUDING_64_BIT)";
				CLANG_CXX_LANGUAGE_STANDARD = "gnu++0x";
				CLANG_CXX_LIBRARY = "libc++";
				CLANG_ENABLE_MODULES = YES;
				CLANG_ENABLE_OBJC_ARC = YES;
				CLANG_WARN_BOOL_CONVERSION = YES;
				CLANG_WARN_CONSTANT_CONVERSION = YES;
				CLANG_WARN_DIRECT_OBJC_ISA_USAGE = YES_ERROR;
				CLANG_WARN_EMPTY_BODY = YES;
				CLANG_WARN_ENUM_CONVERSION = YES;
				CLANG_WARN_INT_CONVERSION = YES;
				CLANG_WARN_OBJC_ROOT_CLASS = YES_ERROR;
				CLANG_WARN__DUPLICATE_METHOD_MATCH = YES;
				"CODE_SIGN_IDENTITY[sdk=iphoneos*]" = "iPhone Developer";
				COPY_PHASE_STRIP = NO;
				GCC_C_LANGUAGE_STANDARD = gnu99;
				GCC_DYNAMIC_NO_PIC = NO;
				GCC_OPTIMIZATION_LEVEL = 0;
				GCC_PREPROCESSOR_DEFINITIONS = (
					"DEBUG=1",
					"$(inherited)",
				);
				GCC_SYMBOLS_PRIVATE_EXTERN = NO;
				GCC_WARN_64_TO_32_BIT_CONVERSION = YES;
				GCC_WARN_ABOUT_RETURN_TYPE = YES_ERROR;
				GCC_WARN_UNDECLARED_SELECTOR = YES;
				GCC_WARN_UNINITIALIZED_AUTOS = YES;
				GCC_WARN_UNUSED_FUNCTION = YES;
				GCC_WARN_UNUSED_VARIABLE = YES;
				IPHONEOS_DEPLOYMENT_TARGET = 7.0;
				ONLY_ACTIVE_ARCH = YES;
				SDKROOT = iphoneos;
			};
			name = Debug;
		};
		D0184EC418340BAF0064A76F /* Release */ = {
			isa = XCBuildConfiguration;
			buildSettings = {
				ALWAYS_SEARCH_USER_PATHS = NO;
				ARCHS = "$(ARCHS_STANDARD_INCLUDING_64_BIT)";
				CLANG_CXX_LANGUAGE_STANDARD = "gnu++0x";
				CLANG_CXX_LIBRARY = "libc++";
				CLANG_ENABLE_MODULES = YES;
				CLANG_ENABLE_OBJC_ARC = YES;
				CLANG_WARN_BOOL_CONVERSION = YES;
				CLANG_WARN_CONSTANT_CONVERSION = YES;
				CLANG_WARN_DIRECT_OBJC_ISA_USAGE = YES_ERROR;
				CLANG_WARN_EMPTY_BODY = YES;
				CLANG_WARN_ENUM_CONVERSION = YES;
				CLANG_WARN_INT_CONVERSION = YES;
				CLANG_WARN_OBJC_ROOT_CLASS = YES_ERROR;
				CLANG_WARN__DUPLICATE_METHOD_MATCH = YES;
				"CODE_SIGN_IDENTITY[sdk=iphoneos*]" = "iPhone Developer";
				COPY_PHASE_STRIP = YES;
				ENABLE_NS_ASSERTIONS = NO;
				GCC_C_LANGUAGE_STANDARD = gnu99;
				GCC_WARN_64_TO_32_BIT_CONVERSION = YES;
				GCC_WARN_ABOUT_RETURN_TYPE = YES_ERROR;
				GCC_WARN_UNDECLARED_SELECTOR = YES;
				GCC_WARN_UNINITIALIZED_AUTOS = YES;
				GCC_WARN_UNUSED_FUNCTION = YES;
				GCC_WARN_UNUSED_VARIABLE = YES;
				IPHONEOS_DEPLOYMENT_TARGET = 7.0;
				SDKROOT = iphoneos;
				VALIDATE_PRODUCT = YES;
			};
			name = Release;
		};
		D0184EC618340BAF0064A76F /* Debug */ = {
			isa = XCBuildConfiguration;
			buildSettings = {
				ASSETCATALOG_COMPILER_APPICON_NAME = AppIcon;
				ASSETCATALOG_COMPILER_LAUNCHIMAGE_NAME = LaunchImage;
				GCC_PRECOMPILE_PREFIX_HEADER = YES;
				GCC_PREFIX_HEADER = "iOS2Lab5/iOS2Lab5-Prefix.pch";
				INFOPLIST_FILE = "iOS2Lab5/iOS2Lab5-Info.plist";
				PRODUCT_NAME = "$(TARGET_NAME)";
				WRAPPER_EXTENSION = app;
			};
			name = Debug;
		};
		D0184EC718340BAF0064A76F /* Release */ = {
			isa = XCBuildConfiguration;
			buildSettings = {
				ASSETCATALOG_COMPILER_APPICON_NAME = AppIcon;
				ASSETCATALOG_COMPILER_LAUNCHIMAGE_NAME = LaunchImage;
				GCC_PRECOMPILE_PREFIX_HEADER = YES;
				GCC_PREFIX_HEADER = "iOS2Lab5/iOS2Lab5-Prefix.pch";
				INFOPLIST_FILE = "iOS2Lab5/iOS2Lab5-Info.plist";
				PRODUCT_NAME = "$(TARGET_NAME)";
				WRAPPER_EXTENSION = app;
			};
			name = Release;
		};
		D0184EC918340BAF0064A76F /* Debug */ = {
			isa = XCBuildConfiguration;
			buildSettings = {
				ARCHS = "$(ARCHS_STANDARD_INCLUDING_64_BIT)";
				BUNDLE_LOADER = "$(BUILT_PRODUCTS_DIR)/iOS2Lab5.app/iOS2Lab5";
				FRAMEWORK_SEARCH_PATHS = (
					"$(SDKROOT)/Developer/Library/Frameworks",
					"$(inherited)",
					"$(DEVELOPER_FRAMEWORKS_DIR)",
				);
				GCC_PRECOMPILE_PREFIX_HEADER = YES;
				GCC_PREFIX_HEADER = "iOS2Lab5/iOS2Lab5-Prefix.pch";
				GCC_PREPROCESSOR_DEFINITIONS = (
					"DEBUG=1",
					"$(inherited)",
				);
				INFOPLIST_FILE = "iOS2Lab5Tests/iOS2Lab5Tests-Info.plist";
				PRODUCT_NAME = "$(TARGET_NAME)";
				TEST_HOST = "$(BUNDLE_LOADER)";
				WRAPPER_EXTENSION = xctest;
			};
			name = Debug;
		};
		D0184ECA18340BAF0064A76F /* Release */ = {
			isa = XCBuildConfiguration;
			buildSettings = {
				ARCHS = "$(ARCHS_STANDARD_INCLUDING_64_BIT)";
				BUNDLE_LOADER = "$(BUILT_PRODUCTS_DIR)/iOS2Lab5.app/iOS2Lab5";
				FRAMEWORK_SEARCH_PATHS = (
					"$(SDKROOT)/Developer/Library/Frameworks",
					"$(inherited)",
					"$(DEVELOPER_FRAMEWORKS_DIR)",
				);
				GCC_PRECOMPILE_PREFIX_HEADER = YES;
				GCC_PREFIX_HEADER = "iOS2Lab5/iOS2Lab5-Prefix.pch";
				INFOPLIST_FILE = "iOS2Lab5Tests/iOS2Lab5Tests-Info.plist";
				PRODUCT_NAME = "$(TARGET_NAME)";
				TEST_HOST = "$(BUNDLE_LOADER)";
				WRAPPER_EXTENSION = xctest;
			};
			name = Release;
		};
/* End XCBuildConfiguration section */

/* Begin XCConfigurationList section */
		D0184E8E18340BAF0064A76F /* Build configuration list for PBXProject "iOS2Lab5" */ = {
			isa = XCConfigurationList;
			buildConfigurations = (
				D0184EC318340BAF0064A76F /* Debug */,
				D0184EC418340BAF0064A76F /* Release */,
			);
			defaultConfigurationIsVisible = 0;
			defaultConfigurationName = Release;
		};
		D0184EC518340BAF0064A76F /* Build configuration list for PBXNativeTarget "iOS2Lab5" */ = {
			isa = XCConfigurationList;
			buildConfigurations = (
				D0184EC618340BAF0064A76F /* Debug */,
				D0184EC718340BAF0064A76F /* Release */,
			);
			defaultConfigurationIsVisible = 0;
		};
		D0184EC818340BAF0064A76F /* Build configuration list for PBXNativeTarget "iOS2Lab5Tests" */ = {
			isa = XCConfigurationList;
			buildConfigurations = (
				D0184EC918340BAF0064A76F /* Debug */,
				D0184ECA18340BAF0064A76F /* Release */,
			);
			defaultConfigurationIsVisible = 0;
		};
/* End XCConfigurationList section */
	};
	rootObject = D0184E8B18340BAF0064A76F /* Project object */;
}
